<?xml version="1.0" encoding="UTF-8" standalone="yes" ?>
<CodeBlocks_project_file>
	<FileVersion major="1" minor="6" />
	<Project>
		<Option title="ImageIn" />
		<Option pch_mode="2" />
		<Option compiler="gcc" />
		<Build>
			<Target title="Debug">
				<Option output="bin\Debug\ImageIn" prefix_auto="1" extension_auto="1" />
				<Option object_output="obj\Debug\" />
				<Option type="1" />
				<Option compiler="gcc" />
				<Compiler>
					<Add option="-g" />
				</Compiler>
			</Target>
			<Target title="Release">
				<Option output="bin\Release\ImageIn" prefix_auto="1" extension_auto="1" />
				<Option object_output="obj\Release\" />
				<Option type="1" />
				<Option compiler="gcc" />
				<Compiler>
					<Add option="-O2" />
				</Compiler>
				<Linker>
					<Add option="-s" />
				</Linker>
			</Target>
		</Build>
		<Compiler>
			<Add option="-Wall" />
		</Compiler>
		<Unit filename="Array.h" />
		<Unit filename="BinaryImage.cpp" />
		<Unit filename="BinaryImage.h" />
		<Unit filename="GrayscaleImage.cpp" />
		<Unit filename="GrayscaleImage.h" />
		<Unit filename="GrayscaleImage.tpp" />
		<Unit filename="Histogram.cpp" />
		<Unit filename="Histogram.h" />
		<Unit filename="Image.cpp" />
		<Unit filename="Image.h" />
		<Unit filename="Image.tpp" />
		<Unit filename="ProjectionHistogram.cpp" />
		<Unit filename="ProjectionHistogram.h" />
		<Unit filename="Rectangle.h" />
		<Unit filename="RgbImage.cpp" />
		<Unit filename="RgbImage.h" />
		<Unit filename="RgbImage.tpp" />
		<Extensions>
			<code_completion />
			<envvars />
			<debugger />
			<lib_finder disable_auto="1" />
		</Extensions>
	</Project>
</CodeBlocks_project_file>
